
Microsoft Visual Studio Solution File, Format Version 12.00
# Visual Studio Version 17
VisualStudioVersion = 17.2.32210.308
MinimumVisualStudioVersion = 10.0.40219.1
Project("{FAE04EC0-301F-11D3-BF4B-00C04F79EFBC}") = "HandmadeApi", "HandmadeApi.csproj", "{863C4059-1D61-4229-8452-C82A8FB17DBB}"
EndProject
Global
	GlobalSection(SolutionConfigurationPlatforms) = preSolution
		Debug|Any CPU = Debug|Any CPU
		Release|Any CPU = Release|Any CPU
	EndGlobalSection
	GlobalSection(ProjectConfigurationPlatforms) = postSolution
		{863C4059-1D61-4229-8452-C82A8FB17DBB}.Debug|Any CPU.ActiveCfg = Debug|Any CPU
		{863C4059-1D61-4229-8452-C82A8FB17DBB}.Debug|Any CPU.Build.0 = Debug|Any CPU
		{863C4059-1D61-4229-8452-C82A8FB17DBB}.Release|Any CPU.ActiveCfg = Release|Any CPU
		{863C4059-1D61-4229-8452-C82A8FB17DBB}.Release|Any CPU.Build.0 = Release|Any CPU
	EndGlobalSection
	GlobalSection(SolutionProperties) = preSolution
		HideSolutionNode = FALSE
	EndGlobalSection
	GlobalSection(ExtensibilityGlobals) = postSolution
		SolutionGuid = {BD60F3FE-9F1A-406B-9115-207D8238076A}
	EndGlobalSection
EndGlobal
